
Microsoft Visual Studio Solution File, Format Version 12.00
# TcXaeShell Solution File, Format Version 11.00
VisualStudioVersion = 17.7.34302.85
MinimumVisualStudioVersion = 10.0.40219.1
Project("{B1E792BE-AA5F-4E3C-8C82-674BF9C0715B}") = "Servo Piyano", "Servo Piyano\Servo Piyano.tsproj", "{5AE9797E-0EAB-4EA5-B765-12535EECC339}"
EndProject
Global
	GlobalSection(SolutionConfigurationPlatforms) = preSolution
		Debug|TwinCAT OS (ARMV7-A) = Debug|TwinCAT OS (ARMV7-A)
		Debug|TwinCAT OS (ARMV7-M) = Debug|TwinCAT OS (ARMV7-M)
		Debug|TwinCAT OS (ARMV8-A) = Debug|TwinCAT OS (ARMV8-A)
		Debug|TwinCAT OS (x64) = Debug|TwinCAT OS (x64)
		Debug|TwinCAT RT (x64) = Debug|TwinCAT RT (x64)
		Debug|TwinCAT RT (x86) = Debug|TwinCAT RT (x86)
		Release|TwinCAT OS (ARMV7-A) = Release|TwinCAT OS (ARMV7-A)
		Release|TwinCAT OS (ARMV7-M) = Release|TwinCAT OS (ARMV7-M)
		Release|TwinCAT OS (ARMV8-A) = Release|TwinCAT OS (ARMV8-A)
		Release|TwinCAT OS (x64) = Release|TwinCAT OS (x64)
		Release|TwinCAT RT (x64) = Release|TwinCAT RT (x64)
		Release|TwinCAT RT (x86) = Release|TwinCAT RT (x86)
	EndGlobalSection
	GlobalSection(ProjectConfigurationPlatforms) = postSolution
		{5AE9797E-0EAB-4EA5-B765-12535EECC339}.Debug|TwinCAT OS (ARMV7-A).ActiveCfg = Debug|TwinCAT OS (ARMV7-A)
		{5AE9797E-0EAB-4EA5-B765-12535EECC339}.Debug|TwinCAT OS (ARMV7-A).Build.0 = Debug|TwinCAT OS (ARMV7-A)
		{5AE9797E-0EAB-4EA5-B765-12535EECC339}.Debug|TwinCAT OS (ARMV7-M).ActiveCfg = Debug|TwinCAT OS (ARMV7-M)
		{5AE9797E-0EAB-4EA5-B765-12535EECC339}.Debug|TwinCAT OS (ARMV7-M).Build.0 = Debug|TwinCAT OS (ARMV7-M)
		{5AE9797E-0EAB-4EA5-B765-12535EECC339}.Debug|TwinCAT OS (ARMV8-A).ActiveCfg = Debug|TwinCAT OS (ARMV8-A)
		{5AE9797E-0EAB-4EA5-B765-12535EECC339}.Debug|TwinCAT OS (ARMV8-A).Build.0 = Debug|TwinCAT OS (ARMV8-A)
		{5AE9797E-0EAB-4EA5-B765-12535EECC339}.Debug|TwinCAT OS (x64).ActiveCfg = Debug|TwinCAT OS (x64)
		{5AE9797E-0EAB-4EA5-B765-12535EECC339}.Debug|TwinCAT OS (x64).Build.0 = Debug|TwinCAT OS (x64)
		{5AE9797E-0EAB-4EA5-B765-12535EECC339}.Debug|TwinCAT RT (x64).ActiveCfg = Debug|TwinCAT RT (x64)
		{5AE9797E-0EAB-4EA5-B765-12535EECC339}.Debug|TwinCAT RT (x64).Build.0 = Debug|TwinCAT RT (x64)
		{5AE9797E-0EAB-4EA5-B765-12535EECC339}.Debug|TwinCAT RT (x86).ActiveCfg = Debug|TwinCAT RT (x86)
		{5AE9797E-0EAB-4EA5-B765-12535EECC339}.Debug|TwinCAT RT (x86).Build.0 = Debug|TwinCAT RT (x86)
		{5AE9797E-0EAB-4EA5-B765-12535EECC339}.Release|TwinCAT OS (ARMV7-A).ActiveCfg = Release|TwinCAT OS (ARMV7-A)
		{5AE9797E-0EAB-4EA5-B765-12535EECC339}.Release|TwinCAT OS (ARMV7-A).Build.0 = Release|TwinCAT OS (ARMV7-A)
		{5AE9797E-0EAB-4EA5-B765-12535EECC339}.Release|TwinCAT OS (ARMV7-M).ActiveCfg = Release|TwinCAT OS (ARMV7-M)
		{5AE9797E-0EAB-4EA5-B765-12535EECC339}.Release|TwinCAT OS (ARMV7-M).Build.0 = Release|TwinCAT OS (ARMV7-M)
		{5AE9797E-0EAB-4EA5-B765-12535EECC339}.Release|TwinCAT OS (ARMV8-A).ActiveCfg = Release|TwinCAT OS (ARMV8-A)
		{5AE9797E-0EAB-4EA5-B765-12535EECC339}.Release|TwinCAT OS (ARMV8-A).Build.0 = Release|TwinCAT OS (ARMV8-A)
		{5AE9797E-0EAB-4EA5-B765-12535EECC339}.Release|TwinCAT OS (x64).ActiveCfg = Release|TwinCAT OS (x64)
		{5AE9797E-0EAB-4EA5-B765-12535EECC339}.Release|TwinCAT OS (x64).Build.0 = Release|TwinCAT OS (x64)
		{5AE9797E-0EAB-4EA5-B765-12535EECC339}.Release|TwinCAT RT (x64).ActiveCfg = Release|TwinCAT RT (x64)
		{5AE9797E-0EAB-4EA5-B765-12535EECC339}.Release|TwinCAT RT (x64).Build.0 = Release|TwinCAT RT (x64)
		{5AE9797E-0EAB-4EA5-B765-12535EECC339}.Release|TwinCAT RT (x86).ActiveCfg = Release|TwinCAT RT (x86)
		{5AE9797E-0EAB-4EA5-B765-12535EECC339}.Release|TwinCAT RT (x86).Build.0 = Release|TwinCAT RT (x86)
		{472ECE1A-5955-4DFB-A690-4706B1575135}.Debug|TwinCAT OS (ARMV7-A).ActiveCfg = Debug|TwinCAT OS (ARMV7-A)
		{472ECE1A-5955-4DFB-A690-4706B1575135}.Debug|TwinCAT OS (ARMV7-A).Build.0 = Debug|TwinCAT OS (ARMV7-A)
		{472ECE1A-5955-4DFB-A690-4706B1575135}.Debug|TwinCAT OS (ARMV7-M).ActiveCfg = Debug|TwinCAT OS (ARMV7-M)
		{472ECE1A-5955-4DFB-A690-4706B1575135}.Debug|TwinCAT OS (ARMV7-M).Build.0 = Debug|TwinCAT OS (ARMV7-M)
		{472ECE1A-5955-4DFB-A690-4706B1575135}.Debug|TwinCAT OS (ARMV8-A).ActiveCfg = Debug|TwinCAT OS (ARMV8-A)
		{472ECE1A-5955-4DFB-A690-4706B1575135}.Debug|TwinCAT OS (ARMV8-A).Build.0 = Debug|TwinCAT OS (ARMV8-A)
		{472ECE1A-5955-4DFB-A690-4706B1575135}.Debug|TwinCAT OS (x64).ActiveCfg = Debug|TwinCAT OS (x64)
		{472ECE1A-5955-4DFB-A690-4706B1575135}.Debug|TwinCAT OS (x64).Build.0 = Debug|TwinCAT OS (x64)
		{472ECE1A-5955-4DFB-A690-4706B1575135}.Debug|TwinCAT RT (x64).ActiveCfg = Debug|TwinCAT RT (x64)
		{472ECE1A-5955-4DFB-A690-4706B1575135}.Debug|TwinCAT RT (x64).Build.0 = Debug|TwinCAT RT (x64)
		{472ECE1A-5955-4DFB-A690-4706B1575135}.Debug|TwinCAT RT (x86).ActiveCfg = Debug|TwinCAT RT (x86)
		{472ECE1A-5955-4DFB-A690-4706B1575135}.Debug|TwinCAT RT (x86).Build.0 = Debug|TwinCAT RT (x86)
		{472ECE1A-5955-4DFB-A690-4706B1575135}.Release|TwinCAT OS (ARMV7-A).ActiveCfg = Release|TwinCAT OS (ARMV7-A)
		{472ECE1A-5955-4DFB-A690-4706B1575135}.Release|TwinCAT OS (ARMV7-A).Build.0 = Release|TwinCAT OS (ARMV7-A)
		{472ECE1A-5955-4DFB-A690-4706B1575135}.Release|TwinCAT OS (ARMV7-M).ActiveCfg = Release|TwinCAT OS (ARMV7-M)
		{472ECE1A-5955-4DFB-A690-4706B1575135}.Release|TwinCAT OS (ARMV7-M).Build.0 = Release|TwinCAT OS (ARMV7-M)
		{472ECE1A-5955-4DFB-A690-4706B1575135}.Release|TwinCAT OS (ARMV8-A).ActiveCfg = Release|TwinCAT OS (ARMV8-A)
		{472ECE1A-5955-4DFB-A690-4706B1575135}.Release|TwinCAT OS (ARMV8-A).Build.0 = Release|TwinCAT OS (ARMV8-A)
		{472ECE1A-5955-4DFB-A690-4706B1575135}.Release|TwinCAT OS (x64).ActiveCfg = Release|TwinCAT OS (x64)
		{472ECE1A-5955-4DFB-A690-4706B1575135}.Release|TwinCAT OS (x64).Build.0 = Release|TwinCAT OS (x64)
		{472ECE1A-5955-4DFB-A690-4706B1575135}.Release|TwinCAT RT (x64).ActiveCfg = Release|TwinCAT RT (x64)
		{472ECE1A-5955-4DFB-A690-4706B1575135}.Release|TwinCAT RT (x64).Build.0 = Release|TwinCAT RT (x64)
		{472ECE1A-5955-4DFB-A690-4706B1575135}.Release|TwinCAT RT (x86).ActiveCfg = Release|TwinCAT RT (x86)
		{472ECE1A-5955-4DFB-A690-4706B1575135}.Release|TwinCAT RT (x86).Build.0 = Release|TwinCAT RT (x86)
	EndGlobalSection
	GlobalSection(SolutionProperties) = preSolution
		HideSolutionNode = FALSE
	EndGlobalSection
	GlobalSection(ExtensibilityGlobals) = postSolution
		SolutionGuid = {39ADB93B-7F83-439C-B940-35FFDF73F3D7}
	EndGlobalSection
EndGlobal
